Microsoft Visual Studio Solution File, Format Version 11.00
# Visual Studio 2010
Project("{878D2575-6BC8-E89D-EE66-60F551EC9611}") = "Two-finger-scroll-2D", "Two-finger-scroll-2D.vcxproj", "{C71AB028-33AD-0C95-03F8-E4A23D634730}"
EndProject
Global
	GlobalSection(SolutionConfigurationPlatforms) = preSolution
		Debug|Win32 = Debug|Win32
		Release|Win32 = Release|Win32
		Debug 64|x64 = Debug 64|x64
		Release 64|x64 = Release 64|x64
	EndGlobalSection
	GlobalSection(ProjectConfigurationPlatforms) = postSolution
		{C71AB028-33AD-0C95-03F8-E4A23D634730}.Debug|Win32.ActiveCfg = Debug|Win32
		{C71AB028-33AD-0C95-03F8-E4A23D634730}.Debug|Win32.Build.0 = Debug|Win32
		{C71AB028-33AD-0C95-03F8-E4A23D634730}.Release|Win32.ActiveCfg = Release|Win32
		{C71AB028-33AD-0C95-03F8-E4A23D634730}.Release|Win32.Build.0 = Release|Win32
		{C71AB028-33AD-0C95-03F8-E4A23D634730}.Debug 64|x64.ActiveCfg = Debug 64|x64
		{C71AB028-33AD-0C95-03F8-E4A23D634730}.Debug 64|x64.Build.0 = Debug 64|x64
		{C71AB028-33AD-0C95-03F8-E4A23D634730}.Release 64|x64.ActiveCfg = Release 64|x64
		{C71AB028-33AD-0C95-03F8-E4A23D634730}.Release 64|x64.Build.0 = Release 64|x64
	EndGlobalSection
	GlobalSection(SolutionProperties) = preSolution
		HideSolutionNode = FALSE
	EndGlobalSection
EndGlobal
